{
    "_readme": [
        "This file locks the dependencies of your project to a known state",
        "Read more about it at https://getcomposer.org/doc/01-basic-usage.md#composer-lock-the-lock-file",
        "This file is @generated automatically"
    ],
    "content-hash": "6588e0e155708ae0978f169351d2bbab",
    "packages": [
        {
            "name": "aidantwoods/secureheaders",
            "version": "v2.0.1",
            "source": {
                "type": "git",
                "url": "https://github.com/aidantwoods/SecureHeaders.git",
                "reference": "f60c3b752114036fbf621a813ead3c3dc7b4c34a"
            },
            "dist": {
                "type": "zip",
                "url": "https://api.github.com/repos/aidantwoods/SecureHeaders/zipball/f60c3b752114036fbf621a813ead3c3dc7b4c34a",
                "reference": "f60c3b752114036fbf621a813ead3c3dc7b4c34a",
                "shasum": ""
            },
            "require": {
                "php": ">=5.4.0"
            },
            "require-dev": {
                "friendsofphp/php-cs-fixer": "dev-feature/braces/position_after_return_type_hint",
                "phpunit/phpunit": "^4.0",
                "psr/http-message": "^1.0",
                "zendframework/zend-diactoros": "^1.0"
            },
            "suggest": {
                "aidantwoods/markdownphpdocs": "Install this on its own and add it to your path, to auto-generate documentation if contributing to this repo.",
                "psr/http-message": "In case you want to use the PSR-7 adapter"
            },
            "type": "library",
            "autoload": {
                "psr-4": {
                    "Aidantwoods\\SecureHeaders\\": "src/"
                }
            },
            "notification-url": "https://packagist.org/downloads/",
            "license": [
                "MIT"
            ],
            "authors": [
                {
                    "name": "Aidan Woods",
                    "email": "aidantwoods@gmail.com",
                    "homepage": "https://aidanwoods.com"
                }
            ],
            "description": "A PHP class aiming to make the use of browser security features more accessible.",
            "homepage": "https://github.com/aidantwoods/SecureHeaders/wiki",
            "keywords": [
                "content-security-policy",
                "cookie",
                "csp",
                "headers",
                "hsts",
                "secure",
                "secureheaders"
            ],
            "time": "2017-08-28T15:41:23+00:00"
        }
    ],
    "packages-dev": [],
    "aliases": [],
    "minimum-stability": "stable",
    "stability-flags": [],
    "prefer-stable": false,
    "prefer-lowest": false,
    "platform": [],
    "platform-dev": []
}
